
Microsoft Visual Studio Solution File, Format Version 12.00
# Visual Studio 16
Project("{FAE04EC0-301F-11D3-BF4B-00C04F79EFBC}") = "Assembly-CSharp-firstpass", "Assembly-CSharp-firstpass.csproj", "{0E39708E-F962-353B-6AD0-0FBFCB4E570F}"
EndProject
Project("{FAE04EC0-301F-11D3-BF4B-00C04F79EFBC}") = "Assembly-CSharp", "Assembly-CSharp.csproj", "{EE9C8445-E966-1FD4-62DA-BF1C86B52A23}"
EndProject
Project("{FAE04EC0-301F-11D3-BF4B-00C04F79EFBC}") = "Assembly-CSharp-Editor-firstpass", "Assembly-CSharp-Editor-firstpass.csproj", "{A1BE3E78-8990-EA1F-FE7C-2BA86B3BB73C}"
EndProject
Global
	GlobalSection(SolutionConfigurationPlatforms) = preSolution
		Debug|Any CPU = Debug|Any CPU
		Release|Any CPU = Release|Any CPU
	EndGlobalSection
	GlobalSection(ProjectConfigurationPlatforms) = postSolution
		{0E39708E-F962-353B-6AD0-0FBFCB4E570F}.Debug|Any CPU.ActiveCfg = Debug|Any CPU
		{0E39708E-F962-353B-6AD0-0FBFCB4E570F}.Debug|Any CPU.Build.0 = Debug|Any CPU
		{0E39708E-F962-353B-6AD0-0FBFCB4E570F}.Release|Any CPU.ActiveCfg = Release|Any CPU
		{0E39708E-F962-353B-6AD0-0FBFCB4E570F}.Release|Any CPU.Build.0 = Release|Any CPU
		{EE9C8445-E966-1FD4-62DA-BF1C86B52A23}.Debug|Any CPU.ActiveCfg = Debug|Any CPU
		{EE9C8445-E966-1FD4-62DA-BF1C86B52A23}.Debug|Any CPU.Build.0 = Debug|Any CPU
		{EE9C8445-E966-1FD4-62DA-BF1C86B52A23}.Release|Any CPU.ActiveCfg = Release|Any CPU
		{EE9C8445-E966-1FD4-62DA-BF1C86B52A23}.Release|Any CPU.Build.0 = Release|Any CPU
		{A1BE3E78-8990-EA1F-FE7C-2BA86B3BB73C}.Debug|Any CPU.ActiveCfg = Debug|Any CPU
		{A1BE3E78-8990-EA1F-FE7C-2BA86B3BB73C}.Debug|Any CPU.Build.0 = Debug|Any CPU
		{A1BE3E78-8990-EA1F-FE7C-2BA86B3BB73C}.Release|Any CPU.ActiveCfg = Release|Any CPU
		{A1BE3E78-8990-EA1F-FE7C-2BA86B3BB73C}.Release|Any CPU.Build.0 = Release|Any CPU
	EndGlobalSection
	GlobalSection(SolutionProperties) = preSolution
		HideSolutionNode = FALSE
	EndGlobalSection
	GlobalSection(MonoDevelopProperties) = preSolution
		StartupItem = Assembly-CSharp.csproj
	EndGlobalSection
EndGlobal
